// !$*UTF8*$!
{
	archiveVersion = 1;
	classes = {
	};
	objectVersion = 50;
	objects = {

/* Begin PBXBuildFile section */
		9A57DD01228CA3020003BBEB /* CoordinateKit.framework in Frameworks */ = {isa = PBXBuildFile; fileRef = 9A57DCF7228CA3020003BBEB /* CoordinateKit.framework */; };
		9A57DD08228CA3020003BBEB /* CoordinateKit.h in Headers */ = {isa = PBXBuildFile; fileRef = 9A57DCFA228CA3020003BBEB /* CoordinateKit.h */; settings = {ATTRIBUTES = (Public, ); }; };
		9A57DD13228CA3230003BBEB /* deflator.c in Sources */ = {isa = PBXBuildFile; fileRef = 9A57DD11228CA3230003BBEB /* deflator.c */; };
		9A57DD14228CA3230003BBEB /* deflator.h in Headers */ = {isa = PBXBuildFile; fileRef = 9A57DD12228CA3230003BBEB /* deflator.h */; settings = {ATTRIBUTES = (Public, ); }; };
		9A57DD1A228CA3EB0003BBEB /* Coordinate+Data.swift in Sources */ = {isa = PBXBuildFile; fileRef = 9A57DD19228CA3EB0003BBEB /* Coordinate+Data.swift */; };
		9A57DD1C228CAC0A0003BBEB /* Coordinate.swift in Sources */ = {isa = PBXBuildFile; fileRef = 9A57DD1B228CAC0A0003BBEB /* Coordinate.swift */; };
		9A57DD1E228CAC6D0003BBEB /* Coordinate+CoreLocation.swift in Sources */ = {isa = PBXBuildFile; fileRef = 9A57DD1D228CAC6D0003BBEB /* Coordinate+CoreLocation.swift */; };
		9A57DD20228D7AF70003BBEB /* CoordinateTests.swift in Sources */ = {isa = PBXBuildFile; fileRef = 9A57DD1F228D7AF70003BBEB /* CoordinateTests.swift */; };
		9A57DD22228D7BDE0003BBEB /* Coordinate+CoreLocationTests.swift in Sources */ = {isa = PBXBuildFile; fileRef = 9A57DD21228D7BDE0003BBEB /* Coordinate+CoreLocationTests.swift */; };
		9A57DD24228D7E640003BBEB /* Coordinate+DataTests.swift in Sources */ = {isa = PBXBuildFile; fileRef = 9A57DD23228D7E640003BBEB /* Coordinate+DataTests.swift */; };
		9A57DD26228D839C0003BBEB /* CompressedCoordinate.swift in Sources */ = {isa = PBXBuildFile; fileRef = 9A57DD25228D839C0003BBEB /* CompressedCoordinate.swift */; };
/* End PBXBuildFile section */

/* Begin PBXContainerItemProxy section */
		9A57DD02228CA3020003BBEB /* PBXContainerItemProxy */ = {
			isa = PBXContainerItemProxy;
			containerPortal = 9A57DCEE228CA3020003BBEB /* Project object */;
			proxyType = 1;
			remoteGlobalIDString = 9A57DCF6228CA3020003BBEB;
			remoteInfo = CoordinateKit;
		};
/* End PBXContainerItemProxy section */

/* Begin PBXFileReference section */
		9A57DCF7228CA3020003BBEB /* CoordinateKit.framework */ = {isa = PBXFileReference; explicitFileType = wrapper.framework; includeInIndex = 0; path = CoordinateKit.framework; sourceTree = BUILT_PRODUCTS_DIR; };
		9A57DCFA228CA3020003BBEB /* CoordinateKit.h */ = {isa = PBXFileReference; lastKnownFileType = sourcecode.c.h; path = CoordinateKit.h; sourceTree = "<group>"; };
		9A57DCFB228CA3020003BBEB /* Info.plist */ = {isa = PBXFileReference; lastKnownFileType = text.plist.xml; path = Info.plist; sourceTree = "<group>"; };
		9A57DD00228CA3020003BBEB /* CoordinateKitTests.xctest */ = {isa = PBXFileReference; explicitFileType = wrapper.cfbundle; includeInIndex = 0; path = CoordinateKitTests.xctest; sourceTree = BUILT_PRODUCTS_DIR; };
		9A57DD07228CA3020003BBEB /* Info.plist */ = {isa = PBXFileReference; lastKnownFileType = text.plist.xml; path = Info.plist; sourceTree = "<group>"; };
		9A57DD11228CA3230003BBEB /* deflator.c */ = {isa = PBXFileReference; fileEncoding = 4; lastKnownFileType = sourcecode.c.c; path = deflator.c; sourceTree = "<group>"; };
		9A57DD12228CA3230003BBEB /* deflator.h */ = {isa = PBXFileReference; fileEncoding = 4; lastKnownFileType = sourcecode.c.h; path = deflator.h; sourceTree = "<group>"; };
		9A57DD19228CA3EB0003BBEB /* Coordinate+Data.swift */ = {isa = PBXFileReference; fileEncoding = 4; lastKnownFileType = sourcecode.swift; path = "Coordinate+Data.swift"; sourceTree = "<group>"; };
		9A57DD1B228CAC0A0003BBEB /* Coordinate.swift */ = {isa = PBXFileReference; lastKnownFileType = sourcecode.swift; path = Coordinate.swift; sourceTree = "<group>"; };
		9A57DD1D228CAC6D0003BBEB /* Coordinate+CoreLocation.swift */ = {isa = PBXFileReference; lastKnownFileType = sourcecode.swift; path = "Coordinate+CoreLocation.swift"; sourceTree = "<group>"; };
		9A57DD1F228D7AF70003BBEB /* CoordinateTests.swift */ = {isa = PBXFileReference; lastKnownFileType = sourcecode.swift; path = CoordinateTests.swift; sourceTree = "<group>"; };
		9A57DD21228D7BDE0003BBEB /* Coordinate+CoreLocationTests.swift */ = {isa = PBXFileReference; lastKnownFileType = sourcecode.swift; path = "Coordinate+CoreLocationTests.swift"; sourceTree = "<group>"; };
		9A57DD23228D7E640003BBEB /* Coordinate+DataTests.swift */ = {isa = PBXFileReference; lastKnownFileType = sourcecode.swift; path = "Coordinate+DataTests.swift"; sourceTree = "<group>"; };
		9A57DD25228D839C0003BBEB /* CompressedCoordinate.swift */ = {isa = PBXFileReference; lastKnownFileType = sourcecode.swift; path = CompressedCoordinate.swift; sourceTree = "<group>"; };
/* End PBXFileReference section */

/* Begin PBXFrameworksBuildPhase section */
		9A57DCF4228CA3020003BBEB /* Frameworks */ = {
			isa = PBXFrameworksBuildPhase;
			buildActionMask = 2147483647;
			files = (
			);
			runOnlyForDeploymentPostprocessing = 0;
		};
		9A57DCFD228CA3020003BBEB /* Frameworks */ = {
			isa = PBXFrameworksBuildPhase;
			buildActionMask = 2147483647;
			files = (
				9A57DD01228CA3020003BBEB /* CoordinateKit.framework in Frameworks */,
			);
			runOnlyForDeploymentPostprocessing = 0;
		};
/* End PBXFrameworksBuildPhase section */

/* Begin PBXGroup section */
		9A57DCED228CA3020003BBEB = {
			isa = PBXGroup;
			children = (
				9A57DCF9228CA3020003BBEB /* CoordinateKit */,
				9A57DD04228CA3020003BBEB /* CoordinateKitTests */,
				9A57DCF8228CA3020003BBEB /* Products */,
			);
			sourceTree = "<group>";
		};
		9A57DCF8228CA3020003BBEB /* Products */ = {
			isa = PBXGroup;
			children = (
				9A57DCF7228CA3020003BBEB /* CoordinateKit.framework */,
				9A57DD00228CA3020003BBEB /* CoordinateKitTests.xctest */,
			);
			name = Products;
			sourceTree = "<group>";
		};
		9A57DCF9228CA3020003BBEB /* CoordinateKit */ = {
			isa = PBXGroup;
			children = (
				9A57DCFA228CA3020003BBEB /* CoordinateKit.h */,
				9A57DD25228D839C0003BBEB /* CompressedCoordinate.swift */,
				9A57DD1B228CAC0A0003BBEB /* Coordinate.swift */,
				9A57DD1D228CAC6D0003BBEB /* Coordinate+CoreLocation.swift */,
				9A57DD19228CA3EB0003BBEB /* Coordinate+Data.swift */,
				9A57DD12228CA3230003BBEB /* deflator.h */,
				9A57DD11228CA3230003BBEB /* deflator.c */,
				9A57DCFB228CA3020003BBEB /* Info.plist */,
			);
			path = CoordinateKit;
			sourceTree = "<group>";
		};
		9A57DD04228CA3020003BBEB /* CoordinateKitTests */ = {
			isa = PBXGroup;
			children = (
				9A57DD1F228D7AF70003BBEB /* CoordinateTests.swift */,
				9A57DD21228D7BDE0003BBEB /* Coordinate+CoreLocationTests.swift */,
				9A57DD23228D7E640003BBEB /* Coordinate+DataTests.swift */,
				9A57DD07228CA3020003BBEB /* Info.plist */,
			);
			path = CoordinateKitTests;
			sourceTree = "<group>";
		};
/* End PBXGroup section */

/* Begin PBXHeadersBuildPhase section */
		9A57DCF2228CA3020003BBEB /* Headers */ = {
			isa = PBXHeadersBuildPhase;
			buildActionMask = 2147483647;
			files = (
				9A57DD08228CA3020003BBEB /* CoordinateKit.h in Headers */,
				9A57DD14228CA3230003BBEB /* deflator.h in Headers */,
			);
			runOnlyForDeploymentPostprocessing = 0;
		};
/* End PBXHeadersBuildPhase section */

/* Begin PBXNativeTarget section */
		9A57DCF6228CA3020003BBEB /* CoordinateKit */ = {
			isa = PBXNativeTarget;
			buildConfigurationList = 9A57DD0B228CA3020003BBEB /* Build configuration list for PBXNativeTarget "CoordinateKit" */;
			buildPhases = (
				9A57DCF2228CA3020003BBEB /* Headers */,
				9A57DCF3228CA3020003BBEB /* Sources */,
				9A57DCF4228CA3020003BBEB /* Frameworks */,
				9A57DCF5228CA3020003BBEB /* Resources */,
			);
			buildRules = (
			);
			dependencies = (
			);
			name = CoordinateKit;
			productName = CoordinateKit;
			productReference = 9A57DCF7228CA3020003BBEB /* CoordinateKit.framework */;
			productType = "com.apple.product-type.framework";
		};
		9A57DCFF228CA3020003BBEB /* CoordinateKitTests */ = {
			isa = PBXNativeTarget;
			buildConfigurationList = 9A57DD0E228CA3020003BBEB /* Build configuration list for PBXNativeTarget "CoordinateKitTests" */;
			buildPhases = (
				9A57DCFC228CA3020003BBEB /* Sources */,
				9A57DCFD228CA3020003BBEB /* Frameworks */,
				9A57DCFE228CA3020003BBEB /* Resources */,
			);
			buildRules = (
			);
			dependencies = (
				9A57DD03228CA3020003BBEB /* PBXTargetDependency */,
			);
			name = CoordinateKitTests;
			productName = CoordinateKitTests;
			productReference = 9A57DD00228CA3020003BBEB /* CoordinateKitTests.xctest */;
			productType = "com.apple.product-type.bundle.unit-test";
		};
/* End PBXNativeTarget section */

/* Begin PBXProject section */
		9A57DCEE228CA3020003BBEB /* Project object */ = {
			isa = PBXProject;
			attributes = {
				LastSwiftUpdateCheck = 1020;
				LastUpgradeCheck = 1020;
				ORGANIZATIONNAME = "Dima Bart";
				TargetAttributes = {
					9A57DCF6228CA3020003BBEB = {
						CreatedOnToolsVersion = 10.2.1;
					};
					9A57DCFF228CA3020003BBEB = {
						CreatedOnToolsVersion = 10.2.1;
					};
				};
			};
			buildConfigurationList = 9A57DCF1228CA3020003BBEB /* Build configuration list for PBXProject "CoordinateKit" */;
			compatibilityVersion = "Xcode 9.3";
			developmentRegion = en;
			hasScannedForEncodings = 0;
			knownRegions = (
				en,
			);
			mainGroup = 9A57DCED228CA3020003BBEB;
			productRefGroup = 9A57DCF8228CA3020003BBEB /* Products */;
			projectDirPath = "";
			projectRoot = "";
			targets = (
				9A57DCF6228CA3020003BBEB /* CoordinateKit */,
				9A57DCFF228CA3020003BBEB /* CoordinateKitTests */,
			);
		};
/* End PBXProject section */

/* Begin PBXResourcesBuildPhase section */
		9A57DCF5228CA3020003BBEB /* Resources */ = {
			isa = PBXResourcesBuildPhase;
			buildActionMask = 2147483647;
			files = (
			);
			runOnlyForDeploymentPostprocessing = 0;
		};
		9A57DCFE228CA3020003BBEB /* Resources */ = {
			isa = PBXResourcesBuildPhase;
			buildActionMask = 2147483647;
			files = (
			);
			runOnlyForDeploymentPostprocessing = 0;
		};
/* End PBXResourcesBuildPhase section */

/* Begin PBXSourcesBuildPhase section */
		9A57DCF3228CA3020003BBEB /* Sources */ = {
			isa = PBXSourcesBuildPhase;
			buildActionMask = 2147483647;
			files = (
				9A57DD1A228CA3EB0003BBEB /* Coordinate+Data.swift in Sources */,
				9A57DD26228D839C0003BBEB /* CompressedCoordinate.swift in Sources */,
				9A57DD1E228CAC6D0003BBEB /* Coordinate+CoreLocation.swift in Sources */,
				9A57DD13228CA3230003BBEB /* deflator.c in Sources */,
				9A57DD1C228CAC0A0003BBEB /* Coordinate.swift in Sources */,
			);
			runOnlyForDeploymentPostprocessing = 0;
		};
		9A57DCFC228CA3020003BBEB /* Sources */ = {
			isa = PBXSourcesBuildPhase;
			buildActionMask = 2147483647;
			files = (
				9A57DD24228D7E640003BBEB /* Coordinate+DataTests.swift in Sources */,
				9A57DD22228D7BDE0003BBEB /* Coordinate+CoreLocationTests.swift in Sources */,
				9A57DD20228D7AF70003BBEB /* CoordinateTests.swift in Sources */,
			);
			runOnlyForDeploymentPostprocessing = 0;
		};
/* End PBXSourcesBuildPhase section */

/* Begin PBXTargetDependency section */
		9A57DD03228CA3020003BBEB /* PBXTargetDependency */ = {
			isa = PBXTargetDependency;
			target = 9A57DCF6228CA3020003BBEB /* CoordinateKit */;
			targetProxy = 9A57DD02228CA3020003BBEB /* PBXContainerItemProxy */;
		};
/* End PBXTargetDependency section */

/* Begin XCBuildConfiguration section */
		9A57DD09228CA3020003BBEB /* Debug */ = {
			isa = XCBuildConfiguration;
			buildSettings = {
				ALWAYS_SEARCH_USER_PATHS = NO;
				CLANG_ANALYZER_NONNULL = YES;
				CLANG_ANALYZER_NUMBER_OBJECT_CONVERSION = YES_AGGRESSIVE;
				CLANG_CXX_LANGUAGE_STANDARD = "gnu++14";
				CLANG_CXX_LIBRARY = "libc++";
				CLANG_ENABLE_MODULES = YES;
				CLANG_ENABLE_OBJC_ARC = YES;
				CLANG_ENABLE_OBJC_WEAK = YES;
				CLANG_WARN_BLOCK_CAPTURE_AUTORELEASING = YES;
				CLANG_WARN_BOOL_CONVERSION = YES;
				CLANG_WARN_COMMA = YES;
				CLANG_WARN_CONSTANT_CONVERSION = YES;
				CLANG_WARN_DEPRECATED_OBJC_IMPLEMENTATIONS = YES;
				CLANG_WARN_DIRECT_OBJC_ISA_USAGE = YES_ERROR;
				CLANG_WARN_DOCUMENTATION_COMMENTS = YES;
				CLANG_WARN_EMPTY_BODY = YES;
				CLANG_WARN_ENUM_CONVERSION = YES;
				CLANG_WARN_INFINITE_RECURSION = YES;
				CLANG_WARN_INT_CONVERSION = YES;
				CLANG_WARN_NON_LITERAL_NULL_CONVERSION = YES;
				CLANG_WARN_OBJC_IMPLICIT_RETAIN_SELF = YES;
				CLANG_WARN_OBJC_LITERAL_CONVERSION = YES;
				CLANG_WARN_OBJC_ROOT_CLASS = YES_ERROR;
				CLANG_WARN_RANGE_LOOP_ANALYSIS = YES;
				CLANG_WARN_STRICT_PROTOTYPES = YES;
				CLANG_WARN_SUSPICIOUS_MOVE = YES;
				CLANG_WARN_UNGUARDED_AVAILABILITY = YES_AGGRESSIVE;
				CLANG_WARN_UNREACHABLE_CODE = YES;
				CLANG_WARN__DUPLICATE_METHOD_MATCH = YES;
				CODE_SIGN_IDENTITY = "iPhone Developer";
				COPY_PHASE_STRIP = NO;
				CURRENT_PROJECT_VERSION = 1;
				DEBUG_INFORMATION_FORMAT = dwarf;
				ENABLE_STRICT_OBJC_MSGSEND = YES;
				ENABLE_TESTABILITY = YES;
				GCC_C_LANGUAGE_STANDARD = gnu11;
				GCC_DYNAMIC_NO_PIC = NO;
				GCC_NO_COMMON_BLOCKS = YES;
				GCC_OPTIMIZATION_LEVEL = 0;
				GCC_PREPROCESSOR_DEFINITIONS = (
					"DEBUG=1",
					"$(inherited)",
				);
				GCC_WARN_64_TO_32_BIT_CONVERSION = YES;
				GCC_WARN_ABOUT_RETURN_TYPE = YES_ERROR;
				GCC_WARN_UNDECLARED_SELECTOR = YES;
				GCC_WARN_UNINITIALIZED_AUTOS = YES_AGGRESSIVE;
				GCC_WARN_UNUSED_FUNCTION = YES;
				GCC_WARN_UNUSED_VARIABLE = YES;
				IPHONEOS_DEPLOYMENT_TARGET = 12.2;
				MTL_ENABLE_DEBUG_INFO = INCLUDE_SOURCE;
				MTL_FAST_MATH = YES;
				ONLY_ACTIVE_ARCH = YES;
				SDKROOT = iphoneos;
				SWIFT_ACTIVE_COMPILATION_CONDITIONS = DEBUG;
				SWIFT_OPTIMIZATION_LEVEL = "-Onone";
				VERSIONING_SYSTEM = "apple-generic";
				VERSION_INFO_PREFIX = "";
			};
			name = Debug;
		};
		9A57DD0A228CA3020003BBEB /* Release */ = {
			isa = XCBuildConfiguration;
			buildSettings = {
				ALWAYS_SEARCH_USER_PATHS = NO;
				CLANG_ANALYZER_NONNULL = YES;
				CLANG_ANALYZER_NUMBER_OBJECT_CONVERSION = YES_AGGRESSIVE;
				CLANG_CXX_LANGUAGE_STANDARD = "gnu++14";
				CLANG_CXX_LIBRARY = "libc++";
				CLANG_ENABLE_MODULES = YES;
				CLANG_ENABLE_OBJC_ARC = YES;
				CLANG_ENABLE_OBJC_WEAK = YES;
				CLANG_WARN_BLOCK_CAPTURE_AUTORELEASING = YES;
				CLANG_WARN_BOOL_CONVERSION = YES;
				CLANG_WARN_COMMA = YES;
				CLANG_WARN_CONSTANT_CONVERSION = YES;
				CLANG_WARN_DEPRECATED_OBJC_IMPLEMENTATIONS = YES;
				CLANG_WARN_DIRECT_OBJC_ISA_USAGE = YES_ERROR;
				CLANG_WARN_DOCUMENTATION_COMMENTS = YES;
				CLANG_WARN_EMPTY_BODY = YES;
				CLANG_WARN_ENUM_CONVERSION = YES;
				CLANG_WARN_INFINITE_RECURSION = YES;
				CLANG_WARN_INT_CONVERSION = YES;
				CLANG_WARN_NON_LITERAL_NULL_CONVERSION = YES;
				CLANG_WARN_OBJC_IMPLICIT_RETAIN_SELF = YES;
				CLANG_WARN_OBJC_LITERAL_CONVERSION = YES;
				CLANG_WARN_OBJC_ROOT_CLASS = YES_ERROR;
				CLANG_WARN_RANGE_LOOP_ANALYSIS = YES;
				CLANG_WARN_STRICT_PROTOTYPES = YES;
				CLANG_WARN_SUSPICIOUS_MOVE = YES;
				CLANG_WARN_UNGUARDED_AVAILABILITY = YES_AGGRESSIVE;
				CLANG_WARN_UNREACHABLE_CODE = YES;
				CLANG_WARN__DUPLICATE_METHOD_MATCH = YES;
				CODE_SIGN_IDENTITY = "iPhone Developer";
				COPY_PHASE_STRIP = NO;
				CURRENT_PROJECT_VERSION = 1;
				DEBUG_INFORMATION_FORMAT = "dwarf-with-dsym";
				ENABLE_NS_ASSERTIONS = NO;
				ENABLE_STRICT_OBJC_MSGSEND = YES;
				GCC_C_LANGUAGE_STANDARD = gnu11;
				GCC_NO_COMMON_BLOCKS = YES;
				GCC_WARN_64_TO_32_BIT_CONVERSION = YES;
				GCC_WARN_ABOUT_RETURN_TYPE = YES_ERROR;
				GCC_WARN_UNDECLARED_SELECTOR = YES;
				GCC_WARN_UNINITIALIZED_AUTOS = YES_AGGRESSIVE;
				GCC_WARN_UNUSED_FUNCTION = YES;
				GCC_WARN_UNUSED_VARIABLE = YES;
				IPHONEOS_DEPLOYMENT_TARGET = 12.2;
				MTL_ENABLE_DEBUG_INFO = NO;
				MTL_FAST_MATH = YES;
				SDKROOT = iphoneos;
				SWIFT_COMPILATION_MODE = wholemodule;
				SWIFT_OPTIMIZATION_LEVEL = "-O";
				VALIDATE_PRODUCT = YES;
				VERSIONING_SYSTEM = "apple-generic";
				VERSION_INFO_PREFIX = "";
			};
			name = Release;
		};
		9A57DD0C228CA3020003BBEB /* Debug */ = {
			isa = XCBuildConfiguration;
			buildSettings = {
				CODE_SIGN_IDENTITY = "";
				CODE_SIGN_STYLE = Automatic;
				DEFINES_MODULE = YES;
				DEVELOPMENT_TEAM = MK88G5Q6ZN;
				DYLIB_COMPATIBILITY_VERSION = 1;
				DYLIB_CURRENT_VERSION = 1;
				DYLIB_INSTALL_NAME_BASE = "@rpath";
				INFOPLIST_FILE = CoordinateKit/Info.plist;
				INSTALL_PATH = "$(LOCAL_LIBRARY_DIR)/Frameworks";
				LD_RUNPATH_SEARCH_PATHS = (
					"$(inherited)",
					"@executable_path/Frameworks",
					"@loader_path/Frameworks",
				);
				PRODUCT_BUNDLE_IDENTIFIER = com.dimabart.CoordinateKit;
				PRODUCT_NAME = "$(TARGET_NAME:c99extidentifier)";
				SKIP_INSTALL = YES;
				SWIFT_VERSION = 5.0;
				TARGETED_DEVICE_FAMILY = "1,2";
			};
			name = Debug;
		};
		9A57DD0D228CA3020003BBEB /* Release */ = {
			isa = XCBuildConfiguration;
			buildSettings = {
				CODE_SIGN_IDENTITY = "";
				CODE_SIGN_STYLE = Automatic;
				DEFINES_MODULE = YES;
				DEVELOPMENT_TEAM = MK88G5Q6ZN;
				DYLIB_COMPATIBILITY_VERSION = 1;
				DYLIB_CURRENT_VERSION = 1;
				DYLIB_INSTALL_NAME_BASE = "@rpath";
				INFOPLIST_FILE = CoordinateKit/Info.plist;
				INSTALL_PATH = "$(LOCAL_LIBRARY_DIR)/Frameworks";
				LD_RUNPATH_SEARCH_PATHS = (
					"$(inherited)",
					"@executable_path/Frameworks",
					"@loader_path/Frameworks",
				);
				PRODUCT_BUNDLE_IDENTIFIER = com.dimabart.CoordinateKit;
				PRODUCT_NAME = "$(TARGET_NAME:c99extidentifier)";
				SKIP_INSTALL = YES;
				SWIFT_VERSION = 5.0;
				TARGETED_DEVICE_FAMILY = "1,2";
			};
			name = Release;
		};
		9A57DD0F228CA3020003BBEB /* Debug */ = {
			isa = XCBuildConfiguration;
			buildSettings = {
				ALWAYS_EMBED_SWIFT_STANDARD_LIBRARIES = YES;
				CODE_SIGN_STYLE = Automatic;
				DEVELOPMENT_TEAM = MK88G5Q6ZN;
				INFOPLIST_FILE = CoordinateKitTests/Info.plist;
				LD_RUNPATH_SEARCH_PATHS = (
					"$(inherited)",
					"@executable_path/Frameworks",
					"@loader_path/Frameworks",
				);
				PRODUCT_BUNDLE_IDENTIFIER = com.dimabart.CoordinateKitTests;
				PRODUCT_NAME = "$(TARGET_NAME)";
				SWIFT_VERSION = 5.0;
				TARGETED_DEVICE_FAMILY = "1,2";
			};
			name = Debug;
		};
		9A57DD10228CA3020003BBEB /* Release */ = {
			isa = XCBuildConfiguration;
			buildSettings = {
				ALWAYS_EMBED_SWIFT_STANDARD_LIBRARIES = YES;
				CODE_SIGN_STYLE = Automatic;
				DEVELOPMENT_TEAM = MK88G5Q6ZN;
				INFOPLIST_FILE = CoordinateKitTests/Info.plist;
				LD_RUNPATH_SEARCH_PATHS = (
					"$(inherited)",
					"@executable_path/Frameworks",
					"@loader_path/Frameworks",
				);
				PRODUCT_BUNDLE_IDENTIFIER = com.dimabart.CoordinateKitTests;
				PRODUCT_NAME = "$(TARGET_NAME)";
				SWIFT_VERSION = 5.0;
				TARGETED_DEVICE_FAMILY = "1,2";
			};
			name = Release;
		};
/* End XCBuildConfiguration section */

/* Begin XCConfigurationList section */
		9A57DCF1228CA3020003BBEB /* Build configuration list for PBXProject "CoordinateKit" */ = {
			isa = XCConfigurationList;
			buildConfigurations = (
				9A57DD09228CA3020003BBEB /* Debug */,
				9A57DD0A228CA3020003BBEB /* Release */,
			);
			defaultConfigurationIsVisible = 0;
			defaultConfigurationName = Release;
		};
		9A57DD0B228CA3020003BBEB /* Build configuration list for PBXNativeTarget "CoordinateKit" */ = {
			isa = XCConfigurationList;
			buildConfigurations = (
				9A57DD0C228CA3020003BBEB /* Debug */,
				9A57DD0D228CA3020003BBEB /* Release */,
			);
			defaultConfigurationIsVisible = 0;
			defaultConfigurationName = Release;
		};
		9A57DD0E228CA3020003BBEB /* Build configuration list for PBXNativeTarget "CoordinateKitTests" */ = {
			isa = XCConfigurationList;
			buildConfigurations = (
				9A57DD0F228CA3020003BBEB /* Debug */,
				9A57DD10228CA3020003BBEB /* Release */,
			);
			defaultConfigurationIsVisible = 0;
			defaultConfigurationName = Release;
		};
/* End XCConfigurationList section */
	};
	rootObject = 9A57DCEE228CA3020003BBEB /* Project object */;
}
